
Microsoft Visual Studio Solution File, Format Version 12.00
# Visual Studio 15
Project("{FAE04EC0-301F-11D3-BF4B-00C04F79EFBC}") = "Assembly-CSharp", "Assembly-CSharp.csproj", "{D4C1D0E6-A040-DC51-8267-CCCD2CEDA59D}"
EndProject
Project("{FAE04EC0-301F-11D3-BF4B-00C04F79EFBC}") = "Assembly-CSharp-firstpass", "Assembly-CSharp-firstpass.csproj", "{8636B1CF-41DA-2156-BC38-FE53BF39A4CC}"
EndProject
Project("{FAE04EC0-301F-11D3-BF4B-00C04F79EFBC}") = "Assembly-CSharp-Editor-firstpass", "Assembly-CSharp-Editor-firstpass.csproj", "{75B79A6B-4D23-CC22-CA52-DB998A1A56C9}"
EndProject
Global
	GlobalSection(SolutionConfigurationPlatforms) = preSolution
		Debug|Any CPU = Debug|Any CPU
		Release|Any CPU = Release|Any CPU
	EndGlobalSection
	GlobalSection(ProjectConfigurationPlatforms) = postSolution
		{D4C1D0E6-A040-DC51-8267-CCCD2CEDA59D}.Debug|Any CPU.ActiveCfg = Debug|Any CPU
		{D4C1D0E6-A040-DC51-8267-CCCD2CEDA59D}.Debug|Any CPU.Build.0 = Debug|Any CPU
		{D4C1D0E6-A040-DC51-8267-CCCD2CEDA59D}.Release|Any CPU.ActiveCfg = Release|Any CPU
		{D4C1D0E6-A040-DC51-8267-CCCD2CEDA59D}.Release|Any CPU.Build.0 = Release|Any CPU
		{8636B1CF-41DA-2156-BC38-FE53BF39A4CC}.Debug|Any CPU.ActiveCfg = Debug|Any CPU
		{8636B1CF-41DA-2156-BC38-FE53BF39A4CC}.Debug|Any CPU.Build.0 = Debug|Any CPU
		{8636B1CF-41DA-2156-BC38-FE53BF39A4CC}.Release|Any CPU.ActiveCfg = Release|Any CPU
		{8636B1CF-41DA-2156-BC38-FE53BF39A4CC}.Release|Any CPU.Build.0 = Release|Any CPU
		{75B79A6B-4D23-CC22-CA52-DB998A1A56C9}.Debug|Any CPU.ActiveCfg = Debug|Any CPU
		{75B79A6B-4D23-CC22-CA52-DB998A1A56C9}.Debug|Any CPU.Build.0 = Debug|Any CPU
		{75B79A6B-4D23-CC22-CA52-DB998A1A56C9}.Release|Any CPU.ActiveCfg = Release|Any CPU
		{75B79A6B-4D23-CC22-CA52-DB998A1A56C9}.Release|Any CPU.Build.0 = Release|Any CPU
	EndGlobalSection
	GlobalSection(SolutionProperties) = preSolution
		HideSolutionNode = FALSE
	EndGlobalSection
EndGlobal
